// !$*UTF8*$!
{
	archiveVersion = 1;
	classes = {
	};
	objectVersion = 50;
	objects = {

/* Begin PBXBuildFile section */
		1C9E244C25E3997B0056ACDD /* AppDelegate.swift in Sources */ = {isa = PBXBuildFile; fileRef = 1C9E244B25E3997B0056ACDD /* AppDelegate.swift */; };
		1C9E244E25E3997B0056ACDD /* SceneDelegate.swift in Sources */ = {isa = PBXBuildFile; fileRef = 1C9E244D25E3997B0056ACDD /* SceneDelegate.swift */; };
		1C9E245025E3997B0056ACDD /* ViewController.swift in Sources */ = {isa = PBXBuildFile; fileRef = 1C9E244F25E3997B0056ACDD /* ViewController.swift */; };
		1C9E245325E3997B0056ACDD /* Main.storyboard in Resources */ = {isa = PBXBuildFile; fileRef = 1C9E245125E3997B0056ACDD /* Main.storyboard */; };
		1C9E245525E3997D0056ACDD /* Assets.xcassets in Resources */ = {isa = PBXBuildFile; fileRef = 1C9E245425E3997D0056ACDD /* Assets.xcassets */; };
		1C9E245825E3997D0056ACDD /* LaunchScreen.storyboard in Resources */ = {isa = PBXBuildFile; fileRef = 1C9E245625E3997D0056ACDD /* LaunchScreen.storyboard */; };
		1C9E246325E3997D0056ACDD /* card_readerTests.swift in Sources */ = {isa = PBXBuildFile; fileRef = 1C9E246225E3997D0056ACDD /* card_readerTests.swift */; };
		1C9E246E25E3997D0056ACDD /* card_readerUITests.swift in Sources */ = {isa = PBXBuildFile; fileRef = 1C9E246D25E3997D0056ACDD /* card_readerUITests.swift */; };
/* End PBXBuildFile section */

/* Begin PBXContainerItemProxy section */
		1C9E245F25E3997D0056ACDD /* PBXContainerItemProxy */ = {
			isa = PBXContainerItemProxy;
			containerPortal = 1C9E244025E3997B0056ACDD /* Project object */;
			proxyType = 1;
			remoteGlobalIDString = 1C9E244725E3997B0056ACDD;
			remoteInfo = "card-reader";
		};
		1C9E246A25E3997D0056ACDD /* PBXContainerItemProxy */ = {
			isa = PBXContainerItemProxy;
			containerPortal = 1C9E244025E3997B0056ACDD /* Project object */;
			proxyType = 1;
			remoteGlobalIDString = 1C9E244725E3997B0056ACDD;
			remoteInfo = "card-reader";
		};
/* End PBXContainerItemProxy section */

/* Begin PBXFileReference section */
		1C9E244825E3997B0056ACDD /* card-reader.app */ = {isa = PBXFileReference; explicitFileType = wrapper.application; includeInIndex = 0; path = "card-reader.app"; sourceTree = BUILT_PRODUCTS_DIR; };
		1C9E244B25E3997B0056ACDD /* AppDelegate.swift */ = {isa = PBXFileReference; lastKnownFileType = sourcecode.swift; path = AppDelegate.swift; sourceTree = "<group>"; };
		1C9E244D25E3997B0056ACDD /* SceneDelegate.swift */ = {isa = PBXFileReference; lastKnownFileType = sourcecode.swift; path = SceneDelegate.swift; sourceTree = "<group>"; };
		1C9E244F25E3997B0056ACDD /* ViewController.swift */ = {isa = PBXFileReference; lastKnownFileType = sourcecode.swift; path = ViewController.swift; sourceTree = "<group>"; };
		1C9E245225E3997B0056ACDD /* Base */ = {isa = PBXFileReference; lastKnownFileType = file.storyboard; name = Base; path = Base.lproj/Main.storyboard; sourceTree = "<group>"; };
		1C9E245425E3997D0056ACDD /* Assets.xcassets */ = {isa = PBXFileReference; lastKnownFileType = folder.assetcatalog; path = Assets.xcassets; sourceTree = "<group>"; };
		1C9E245725E3997D0056ACDD /* Base */ = {isa = PBXFileReference; lastKnownFileType = file.storyboard; name = Base; path = Base.lproj/LaunchScreen.storyboard; sourceTree = "<group>"; };
		1C9E245925E3997D0056ACDD /* Info.plist */ = {isa = PBXFileReference; lastKnownFileType = text.plist.xml; path = Info.plist; sourceTree = "<group>"; };
		1C9E245E25E3997D0056ACDD /* card-readerTests.xctest */ = {isa = PBXFileReference; explicitFileType = wrapper.cfbundle; includeInIndex = 0; path = "card-readerTests.xctest"; sourceTree = BUILT_PRODUCTS_DIR; };
		1C9E246225E3997D0056ACDD /* card_readerTests.swift */ = {isa = PBXFileReference; lastKnownFileType = sourcecode.swift; path = card_readerTests.swift; sourceTree = "<group>"; };
		1C9E246425E3997D0056ACDD /* Info.plist */ = {isa = PBXFileReference; lastKnownFileType = text.plist.xml; path = Info.plist; sourceTree = "<group>"; };
		1C9E246925E3997D0056ACDD /* card-readerUITests.xctest */ = {isa = PBXFileReference; explicitFileType = wrapper.cfbundle; includeInIndex = 0; path = "card-readerUITests.xctest"; sourceTree = BUILT_PRODUCTS_DIR; };
		1C9E246D25E3997D0056ACDD /* card_readerUITests.swift */ = {isa = PBXFileReference; lastKnownFileType = sourcecode.swift; path = card_readerUITests.swift; sourceTree = "<group>"; };
		1C9E246F25E3997D0056ACDD /* Info.plist */ = {isa = PBXFileReference; lastKnownFileType = text.plist.xml; path = Info.plist; sourceTree = "<group>"; };
		1CAFD72725E78EA7008E8EFF /* card-reader.entitlements */ = {isa = PBXFileReference; lastKnownFileType = text.plist.entitlements; path = "card-reader.entitlements"; sourceTree = "<group>"; };
/* End PBXFileReference section */

/* Begin PBXFrameworksBuildPhase section */
		1C9E244525E3997B0056ACDD /* Frameworks */ = {
			isa = PBXFrameworksBuildPhase;
			buildActionMask = 2147483647;
			files = (
			);
			runOnlyForDeploymentPostprocessing = 0;
		};
		1C9E245B25E3997D0056ACDD /* Frameworks */ = {
			isa = PBXFrameworksBuildPhase;
			buildActionMask = 2147483647;
			files = (
			);
			runOnlyForDeploymentPostprocessing = 0;
		};
		1C9E246625E3997D0056ACDD /* Frameworks */ = {
			isa = PBXFrameworksBuildPhase;
			buildActionMask = 2147483647;
			files = (
			);
			runOnlyForDeploymentPostprocessing = 0;
		};
/* End PBXFrameworksBuildPhase section */

/* Begin PBXGroup section */
		1C9E243F25E3997B0056ACDD = {
			isa = PBXGroup;
			children = (
				1C9E244A25E3997B0056ACDD /* card-reader */,
				1C9E246125E3997D0056ACDD /* card-readerTests */,
				1C9E246C25E3997D0056ACDD /* card-readerUITests */,
				1C9E244925E3997B0056ACDD /* Products */,
			);
			sourceTree = "<group>";
		};
		1C9E244925E3997B0056ACDD /* Products */ = {
			isa = PBXGroup;
			children = (
				1C9E244825E3997B0056ACDD /* card-reader.app */,
				1C9E245E25E3997D0056ACDD /* card-readerTests.xctest */,
				1C9E246925E3997D0056ACDD /* card-readerUITests.xctest */,
			);
			name = Products;
			sourceTree = "<group>";
		};
		1C9E244A25E3997B0056ACDD /* card-reader */ = {
			isa = PBXGroup;
			children = (
				1CAFD72725E78EA7008E8EFF /* card-reader.entitlements */,
				1C9E244B25E3997B0056ACDD /* AppDelegate.swift */,
				1C9E244D25E3997B0056ACDD /* SceneDelegate.swift */,
				1C9E244F25E3997B0056ACDD /* ViewController.swift */,
				1C9E245125E3997B0056ACDD /* Main.storyboard */,
				1C9E245425E3997D0056ACDD /* Assets.xcassets */,
				1C9E245625E3997D0056ACDD /* LaunchScreen.storyboard */,
				1C9E245925E3997D0056ACDD /* Info.plist */,
			);
			path = "card-reader";
			sourceTree = "<group>";
		};
		1C9E246125E3997D0056ACDD /* card-readerTests */ = {
			isa = PBXGroup;
			children = (
				1C9E246225E3997D0056ACDD /* card_readerTests.swift */,
				1C9E246425E3997D0056ACDD /* Info.plist */,
			);
			path = "card-readerTests";
			sourceTree = "<group>";
		};
		1C9E246C25E3997D0056ACDD /* card-readerUITests */ = {
			isa = PBXGroup;
			children = (
				1C9E246D25E3997D0056ACDD /* card_readerUITests.swift */,
				1C9E246F25E3997D0056ACDD /* Info.plist */,
			);
			path = "card-readerUITests";
			sourceTree = "<group>";
		};
/* End PBXGroup section */

/* Begin PBXNativeTarget section */
		1C9E244725E3997B0056ACDD /* card-reader */ = {
			isa = PBXNativeTarget;
			buildConfigurationList = 1C9E247225E3997D0056ACDD /* Build configuration list for PBXNativeTarget "card-reader" */;
			buildPhases = (
				1C9E244425E3997B0056ACDD /* Sources */,
				1C9E244525E3997B0056ACDD /* Frameworks */,
				1C9E244625E3997B0056ACDD /* Resources */,
			);
			buildRules = (
			);
			dependencies = (
			);
			name = "card-reader";
			productName = "card-reader";
			productReference = 1C9E244825E3997B0056ACDD /* card-reader.app */;
			productType = "com.apple.product-type.application";
		};
		1C9E245D25E3997D0056ACDD /* card-readerTests */ = {
			isa = PBXNativeTarget;
			buildConfigurationList = 1C9E247525E3997D0056ACDD /* Build configuration list for PBXNativeTarget "card-readerTests" */;
			buildPhases = (
				1C9E245A25E3997D0056ACDD /* Sources */,
				1C9E245B25E3997D0056ACDD /* Frameworks */,
				1C9E245C25E3997D0056ACDD /* Resources */,
			);
			buildRules = (
			);
			dependencies = (
				1C9E246025E3997D0056ACDD /* PBXTargetDependency */,
			);
			name = "card-readerTests";
			productName = "card-readerTests";
			productReference = 1C9E245E25E3997D0056ACDD /* card-readerTests.xctest */;
			productType = "com.apple.product-type.bundle.unit-test";
		};
		1C9E246825E3997D0056ACDD /* card-readerUITests */ = {
			isa = PBXNativeTarget;
			buildConfigurationList = 1C9E247825E3997D0056ACDD /* Build configuration list for PBXNativeTarget "card-readerUITests" */;
			buildPhases = (
				1C9E246525E3997D0056ACDD /* Sources */,
				1C9E246625E3997D0056ACDD /* Frameworks */,
				1C9E246725E3997D0056ACDD /* Resources */,
			);
			buildRules = (
			);
			dependencies = (
				1C9E246B25E3997D0056ACDD /* PBXTargetDependency */,
			);
			name = "card-readerUITests";
			productName = "card-readerUITests";
			productReference = 1C9E246925E3997D0056ACDD /* card-readerUITests.xctest */;
			productType = "com.apple.product-type.bundle.ui-testing";
		};
/* End PBXNativeTarget section */

/* Begin PBXProject section */
		1C9E244025E3997B0056ACDD /* Project object */ = {
			isa = PBXProject;
			attributes = {
				LastSwiftUpdateCheck = 1240;
				LastUpgradeCheck = 1240;
				TargetAttributes = {
					1C9E244725E3997B0056ACDD = {
						CreatedOnToolsVersion = 12.4;
					};
					1C9E245D25E3997D0056ACDD = {
						CreatedOnToolsVersion = 12.4;
						TestTargetID = 1C9E244725E3997B0056ACDD;
					};
					1C9E246825E3997D0056ACDD = {
						CreatedOnToolsVersion = 12.4;
						TestTargetID = 1C9E244725E3997B0056ACDD;
					};
				};
			};
			buildConfigurationList = 1C9E244325E3997B0056ACDD /* Build configuration list for PBXProject "card-reader" */;
			compatibilityVersion = "Xcode 9.3";
			developmentRegion = en;
			hasScannedForEncodings = 0;
			knownRegions = (
				en,
				Base,
			);
			mainGroup = 1C9E243F25E3997B0056ACDD;
			productRefGroup = 1C9E244925E3997B0056ACDD /* Products */;
			projectDirPath = "";
			projectRoot = "";
			targets = (
				1C9E244725E3997B0056ACDD /* card-reader */,
				1C9E245D25E3997D0056ACDD /* card-readerTests */,
				1C9E246825E3997D0056ACDD /* card-readerUITests */,
			);
		};
/* End PBXProject section */

/* Begin PBXResourcesBuildPhase section */
		1C9E244625E3997B0056ACDD /* Resources */ = {
			isa = PBXResourcesBuildPhase;
			buildActionMask = 2147483647;
			files = (
				1C9E245825E3997D0056ACDD /* LaunchScreen.storyboard in Resources */,
				1C9E245525E3997D0056ACDD /* Assets.xcassets in Resources */,
				1C9E245325E3997B0056ACDD /* Main.storyboard in Resources */,
			);
			runOnlyForDeploymentPostprocessing = 0;
		};
		1C9E245C25E3997D0056ACDD /* Resources */ = {
			isa = PBXResourcesBuildPhase;
			buildActionMask = 2147483647;
			files = (
			);
			runOnlyForDeploymentPostprocessing = 0;
		};
		1C9E246725E3997D0056ACDD /* Resources */ = {
			isa = PBXResourcesBuildPhase;
			buildActionMask = 2147483647;
			files = (
			);
			runOnlyForDeploymentPostprocessing = 0;
		};
/* End PBXResourcesBuildPhase section */

/* Begin PBXSourcesBuildPhase section */
		1C9E244425E3997B0056ACDD /* Sources */ = {
			isa = PBXSourcesBuildPhase;
			buildActionMask = 2147483647;
			files = (
				1C9E245025E3997B0056ACDD /* ViewController.swift in Sources */,
				1C9E244C25E3997B0056ACDD /* AppDelegate.swift in Sources */,
				1C9E244E25E3997B0056ACDD /* SceneDelegate.swift in Sources */,
			);
			runOnlyForDeploymentPostprocessing = 0;
		};
		1C9E245A25E3997D0056ACDD /* Sources */ = {
			isa = PBXSourcesBuildPhase;
			buildActionMask = 2147483647;
			files = (
				1C9E246325E3997D0056ACDD /* card_readerTests.swift in Sources */,
			);
			runOnlyForDeploymentPostprocessing = 0;
		};
		1C9E246525E3997D0056ACDD /* Sources */ = {
			isa = PBXSourcesBuildPhase;
			buildActionMask = 2147483647;
			files = (
				1C9E246E25E3997D0056ACDD /* card_readerUITests.swift in Sources */,
			);
			runOnlyForDeploymentPostprocessing = 0;
		};
/* End PBXSourcesBuildPhase section */

/* Begin PBXTargetDependency section */
		1C9E246025E3997D0056ACDD /* PBXTargetDependency */ = {
			isa = PBXTargetDependency;
			target = 1C9E244725E3997B0056ACDD /* card-reader */;
			targetProxy = 1C9E245F25E3997D0056ACDD /* PBXContainerItemProxy */;
		};
		1C9E246B25E3997D0056ACDD /* PBXTargetDependency */ = {
			isa = PBXTargetDependency;
			target = 1C9E244725E3997B0056ACDD /* card-reader */;
			targetProxy = 1C9E246A25E3997D0056ACDD /* PBXContainerItemProxy */;
		};
/* End PBXTargetDependency section */

/* Begin PBXVariantGroup section */
		1C9E245125E3997B0056ACDD /* Main.storyboard */ = {
			isa = PBXVariantGroup;
			children = (
				1C9E245225E3997B0056ACDD /* Base */,
			);
			name = Main.storyboard;
			sourceTree = "<group>";
		};
		1C9E245625E3997D0056ACDD /* LaunchScreen.storyboard */ = {
			isa = PBXVariantGroup;
			children = (
				1C9E245725E3997D0056ACDD /* Base */,
			);
			name = LaunchScreen.storyboard;
			sourceTree = "<group>";
		};
/* End PBXVariantGroup section */

/* Begin XCBuildConfiguration section */
		1C9E247025E3997D0056ACDD /* Debug */ = {
			isa = XCBuildConfiguration;
			buildSettings = {
				ALWAYS_SEARCH_USER_PATHS = NO;
				CLANG_ANALYZER_NONNULL = YES;
				CLANG_ANALYZER_NUMBER_OBJECT_CONVERSION = YES_AGGRESSIVE;
				CLANG_CXX_LANGUAGE_STANDARD = "gnu++14";
				CLANG_CXX_LIBRARY = "libc++";
				CLANG_ENABLE_MODULES = YES;
				CLANG_ENABLE_OBJC_ARC = YES;
				CLANG_ENABLE_OBJC_WEAK = YES;
				CLANG_WARN_BLOCK_CAPTURE_AUTORELEASING = YES;
				CLANG_WARN_BOOL_CONVERSION = YES;
				CLANG_WARN_COMMA = YES;
				CLANG_WARN_CONSTANT_CONVERSION = YES;
				CLANG_WARN_DEPRECATED_OBJC_IMPLEMENTATIONS = YES;
				CLANG_WARN_DIRECT_OBJC_ISA_USAGE = YES_ERROR;
				CLANG_WARN_DOCUMENTATION_COMMENTS = YES;
				CLANG_WARN_EMPTY_BODY = YES;
				CLANG_WARN_ENUM_CONVERSION = YES;
				CLANG_WARN_INFINITE_RECURSION = YES;
				CLANG_WARN_INT_CONVERSION = YES;
				CLANG_WARN_NON_LITERAL_NULL_CONVERSION = YES;
				CLANG_WARN_OBJC_IMPLICIT_RETAIN_SELF = YES;
				CLANG_WARN_OBJC_LITERAL_CONVERSION = YES;
				CLANG_WARN_OBJC_ROOT_CLASS = YES_ERROR;
				CLANG_WARN_QUOTED_INCLUDE_IN_FRAMEWORK_HEADER = YES;
				CLANG_WARN_RANGE_LOOP_ANALYSIS = YES;
				CLANG_WARN_STRICT_PROTOTYPES = YES;
				CLANG_WARN_SUSPICIOUS_MOVE = YES;
				CLANG_WARN_UNGUARDED_AVAILABILITY = YES_AGGRESSIVE;
				CLANG_WARN_UNREACHABLE_CODE = YES;
				CLANG_WARN__DUPLICATE_METHOD_MATCH = YES;
				COPY_PHASE_STRIP = NO;
				DEBUG_INFORMATION_FORMAT = dwarf;
				ENABLE_STRICT_OBJC_MSGSEND = YES;
				ENABLE_TESTABILITY = YES;
				GCC_C_LANGUAGE_STANDARD = gnu11;
				GCC_DYNAMIC_NO_PIC = NO;
				GCC_NO_COMMON_BLOCKS = YES;
				GCC_OPTIMIZATION_LEVEL = 0;
				GCC_PREPROCESSOR_DEFINITIONS = (
					"DEBUG=1",
					"$(inherited)",
				);
				GCC_WARN_64_TO_32_BIT_CONVERSION = YES;
				GCC_WARN_ABOUT_RETURN_TYPE = YES_ERROR;
				GCC_WARN_UNDECLARED_SELECTOR = YES;
				GCC_WARN_UNINITIALIZED_AUTOS = YES_AGGRESSIVE;
				GCC_WARN_UNUSED_FUNCTION = YES;
				GCC_WARN_UNUSED_VARIABLE = YES;
				IPHONEOS_DEPLOYMENT_TARGET = 14.4;
				MTL_ENABLE_DEBUG_INFO = INCLUDE_SOURCE;
				MTL_FAST_MATH = YES;
				ONLY_ACTIVE_ARCH = YES;
				SDKROOT = iphoneos;
				SWIFT_ACTIVE_COMPILATION_CONDITIONS = DEBUG;
				SWIFT_OPTIMIZATION_LEVEL = "-Onone";
			};
			name = Debug;
		};
		1C9E247125E3997D0056ACDD /* Release */ = {
			isa = XCBuildConfiguration;
			buildSettings = {
				ALWAYS_SEARCH_USER_PATHS = NO;
				CLANG_ANALYZER_NONNULL = YES;
				CLANG_ANALYZER_NUMBER_OBJECT_CONVERSION = YES_AGGRESSIVE;
				CLANG_CXX_LANGUAGE_STANDARD = "gnu++14";
				CLANG_CXX_LIBRARY = "libc++";
				CLANG_ENABLE_MODULES = YES;
				CLANG_ENABLE_OBJC_ARC = YES;
				CLANG_ENABLE_OBJC_WEAK = YES;
				CLANG_WARN_BLOCK_CAPTURE_AUTORELEASING = YES;
				CLANG_WARN_BOOL_CONVERSION = YES;
				CLANG_WARN_COMMA = YES;
				CLANG_WARN_CONSTANT_CONVERSION = YES;
				CLANG_WARN_DEPRECATED_OBJC_IMPLEMENTATIONS = YES;
				CLANG_WARN_DIRECT_OBJC_ISA_USAGE = YES_ERROR;
				CLANG_WARN_DOCUMENTATION_COMMENTS = YES;
				CLANG_WARN_EMPTY_BODY = YES;
				CLANG_WARN_ENUM_CONVERSION = YES;
				CLANG_WARN_INFINITE_RECURSION = YES;
				CLANG_WARN_INT_CONVERSION = YES;
				CLANG_WARN_NON_LITERAL_NULL_CONVERSION = YES;
				CLANG_WARN_OBJC_IMPLICIT_RETAIN_SELF = YES;
				CLANG_WARN_OBJC_LITERAL_CONVERSION = YES;
				CLANG_WARN_OBJC_ROOT_CLASS = YES_ERROR;
				CLANG_WARN_QUOTED_INCLUDE_IN_FRAMEWORK_HEADER = YES;
				CLANG_WARN_RANGE_LOOP_ANALYSIS = YES;
				CLANG_WARN_STRICT_PROTOTYPES = YES;
				CLANG_WARN_SUSPICIOUS_MOVE = YES;
				CLANG_WARN_UNGUARDED_AVAILABILITY = YES_AGGRESSIVE;
				CLANG_WARN_UNREACHABLE_CODE = YES;
				CLANG_WARN__DUPLICATE_METHOD_MATCH = YES;
				COPY_PHASE_STRIP = NO;
				DEBUG_INFORMATION_FORMAT = "dwarf-with-dsym";
				ENABLE_NS_ASSERTIONS = NO;
				ENABLE_STRICT_OBJC_MSGSEND = YES;
				GCC_C_LANGUAGE_STANDARD = gnu11;
				GCC_NO_COMMON_BLOCKS = YES;
				GCC_WARN_64_TO_32_BIT_CONVERSION = YES;
				GCC_WARN_ABOUT_RETURN_TYPE = YES_ERROR;
				GCC_WARN_UNDECLARED_SELECTOR = YES;
				GCC_WARN_UNINITIALIZED_AUTOS = YES_AGGRESSIVE;
				GCC_WARN_UNUSED_FUNCTION = YES;
				GCC_WARN_UNUSED_VARIABLE = YES;
				IPHONEOS_DEPLOYMENT_TARGET = 14.4;
				MTL_ENABLE_DEBUG_INFO = NO;
				MTL_FAST_MATH = YES;
				SDKROOT = iphoneos;
				SWIFT_COMPILATION_MODE = wholemodule;
				SWIFT_OPTIMIZATION_LEVEL = "-O";
				VALIDATE_PRODUCT = YES;
			};
			name = Release;
		};
		1C9E247325E3997D0056ACDD /* Debug */ = {
			isa = XCBuildConfiguration;
			buildSettings = {
				ASSETCATALOG_COMPILER_APPICON_NAME = AppIcon;
				ASSETCATALOG_COMPILER_GLOBAL_ACCENT_COLOR_NAME = AccentColor;
				CODE_SIGN_ENTITLEMENTS = "card-reader/card-reader.entitlements";
				CODE_SIGN_STYLE = Automatic;
				DEVELOPMENT_TEAM = 3V8747A5S9;
				INFOPLIST_FILE = "card-reader/Info.plist";
				LD_RUNPATH_SEARCH_PATHS = (
					"$(inherited)",
					"@executable_path/Frameworks",
				);
				PRODUCT_BUNDLE_IDENTIFIER = "com.lnugraha.card-reader";
				PRODUCT_NAME = "$(TARGET_NAME)";
				SWIFT_VERSION = 5.0;
				TARGETED_DEVICE_FAMILY = "1,2";
			};
			name = Debug;
		};
		1C9E247425E3997D0056ACDD /* Release */ = {
			isa = XCBuildConfiguration;
			buildSettings = {
				ASSETCATALOG_COMPILER_APPICON_NAME = AppIcon;
				ASSETCATALOG_COMPILER_GLOBAL_ACCENT_COLOR_NAME = AccentColor;
				CODE_SIGN_ENTITLEMENTS = "card-reader/card-reader.entitlements";
				CODE_SIGN_STYLE = Automatic;
				DEVELOPMENT_TEAM = 3V8747A5S9;
				INFOPLIST_FILE = "card-reader/Info.plist";
				LD_RUNPATH_SEARCH_PATHS = (
					"$(inherited)",
					"@executable_path/Frameworks",
				);
				PRODUCT_BUNDLE_IDENTIFIER = "com.lnugraha.card-reader";
				PRODUCT_NAME = "$(TARGET_NAME)";
				SWIFT_VERSION = 5.0;
				TARGETED_DEVICE_FAMILY = "1,2";
			};
			name = Release;
		};
		1C9E247625E3997D0056ACDD /* Debug */ = {
			isa = XCBuildConfiguration;
			buildSettings = {
				ALWAYS_EMBED_SWIFT_STANDARD_LIBRARIES = YES;
				BUNDLE_LOADER = "$(TEST_HOST)";
				CODE_SIGN_STYLE = Automatic;
				DEVELOPMENT_TEAM = A7344QT6P7;
				INFOPLIST_FILE = "card-readerTests/Info.plist";
				IPHONEOS_DEPLOYMENT_TARGET = 14.4;
				LD_RUNPATH_SEARCH_PATHS = (
					"$(inherited)",
					"@executable_path/Frameworks",
					"@loader_path/Frameworks",
				);
				PRODUCT_BUNDLE_IDENTIFIER = "Foxconn-Software.card-readerTests";
				PRODUCT_NAME = "$(TARGET_NAME)";
				SWIFT_VERSION = 5.0;
				TARGETED_DEVICE_FAMILY = "1,2";
				TEST_HOST = "$(BUILT_PRODUCTS_DIR)/card-reader.app/card-reader";
			};
			name = Debug;
		};
		1C9E247725E3997D0056ACDD /* Release */ = {
			isa = XCBuildConfiguration;
			buildSettings = {
				ALWAYS_EMBED_SWIFT_STANDARD_LIBRARIES = YES;
				BUNDLE_LOADER = "$(TEST_HOST)";
				CODE_SIGN_STYLE = Automatic;
				DEVELOPMENT_TEAM = A7344QT6P7;
				INFOPLIST_FILE = "card-readerTests/Info.plist";
				IPHONEOS_DEPLOYMENT_TARGET = 14.4;
				LD_RUNPATH_SEARCH_PATHS = (
					"$(inherited)",
					"@executable_path/Frameworks",
					"@loader_path/Frameworks",
				);
				PRODUCT_BUNDLE_IDENTIFIER = "Foxconn-Software.card-readerTests";
				PRODUCT_NAME = "$(TARGET_NAME)";
				SWIFT_VERSION = 5.0;
				TARGETED_DEVICE_FAMILY = "1,2";
				TEST_HOST = "$(BUILT_PRODUCTS_DIR)/card-reader.app/card-reader";
			};
			name = Release;
		};
		1C9E247925E3997D0056ACDD /* Debug */ = {
			isa = XCBuildConfiguration;
			buildSettings = {
				ALWAYS_EMBED_SWIFT_STANDARD_LIBRARIES = YES;
				CODE_SIGN_STYLE = Automatic;
				DEVELOPMENT_TEAM = A7344QT6P7;
				INFOPLIST_FILE = "card-readerUITests/Info.plist";
				LD_RUNPATH_SEARCH_PATHS = (
					"$(inherited)",
					"@executable_path/Frameworks",
					"@loader_path/Frameworks",
				);
				PRODUCT_BUNDLE_IDENTIFIER = "Foxconn-Software.card-readerUITests";
				PRODUCT_NAME = "$(TARGET_NAME)";
				SWIFT_VERSION = 5.0;
				TARGETED_DEVICE_FAMILY = "1,2";
				TEST_TARGET_NAME = "card-reader";
			};
			name = Debug;
		};
		1C9E247A25E3997D0056ACDD /* Release */ = {
			isa = XCBuildConfiguration;
			buildSettings = {
				ALWAYS_EMBED_SWIFT_STANDARD_LIBRARIES = YES;
				CODE_SIGN_STYLE = Automatic;
				DEVELOPMENT_TEAM = A7344QT6P7;
				INFOPLIST_FILE = "card-readerUITests/Info.plist";
				LD_RUNPATH_SEARCH_PATHS = (
					"$(inherited)",
					"@executable_path/Frameworks",
					"@loader_path/Frameworks",
				);
				PRODUCT_BUNDLE_IDENTIFIER = "Foxconn-Software.card-readerUITests";
				PRODUCT_NAME = "$(TARGET_NAME)";
				SWIFT_VERSION = 5.0;
				TARGETED_DEVICE_FAMILY = "1,2";
				TEST_TARGET_NAME = "card-reader";
			};
			name = Release;
		};
/* End XCBuildConfiguration section */

/* Begin XCConfigurationList section */
		1C9E244325E3997B0056ACDD /* Build configuration list for PBXProject "card-reader" */ = {
			isa = XCConfigurationList;
			buildConfigurations = (
				1C9E247025E3997D0056ACDD /* Debug */,
				1C9E247125E3997D0056ACDD /* Release */,
			);
			defaultConfigurationIsVisible = 0;
			defaultConfigurationName = Release;
		};
		1C9E247225E3997D0056ACDD /* Build configuration list for PBXNativeTarget "card-reader" */ = {
			isa = XCConfigurationList;
			buildConfigurations = (
				1C9E247325E3997D0056ACDD /* Debug */,
				1C9E247425E3997D0056ACDD /* Release */,
			);
			defaultConfigurationIsVisible = 0;
			defaultConfigurationName = Release;
		};
		1C9E247525E3997D0056ACDD /* Build configuration list for PBXNativeTarget "card-readerTests" */ = {
			isa = XCConfigurationList;
			buildConfigurations = (
				1C9E247625E3997D0056ACDD /* Debug */,
				1C9E247725E3997D0056ACDD /* Release */,
			);
			defaultConfigurationIsVisible = 0;
			defaultConfigurationName = Release;
		};
		1C9E247825E3997D0056ACDD /* Build configuration list for PBXNativeTarget "card-readerUITests" */ = {
			isa = XCConfigurationList;
			buildConfigurations = (
				1C9E247925E3997D0056ACDD /* Debug */,
				1C9E247A25E3997D0056ACDD /* Release */,
			);
			defaultConfigurationIsVisible = 0;
			defaultConfigurationName = Release;
		};
/* End XCConfigurationList section */
	};
	rootObject = 1C9E244025E3997B0056ACDD /* Project object */;
}
